
Microsoft Visual Studio Solution File, Format Version 12.00
# Visual Studio Version 16
VisualStudioVersion = 16.0.30717.126
MinimumVisualStudioVersion = 10.0.40219.1
Project("{FAE04EC0-301F-11D3-BF4B-00C04F79EFBC}") = "Magic8Ball", "Magic8Ball\Magic8Ball.csproj", "{8434CCC9-CC28-4CAB-BCDB-DC752F5C67AD}"
EndProject
Global
	GlobalSection(SolutionConfigurationPlatforms) = preSolution
		Debug|Any CPU = Debug|Any CPU
		Release|Any CPU = Release|Any CPU
	EndGlobalSection
	GlobalSection(ProjectConfigurationPlatforms) = postSolution
		{8434CCC9-CC28-4CAB-BCDB-DC752F5C67AD}.Debug|Any CPU.ActiveCfg = Debug|Any CPU
		{8434CCC9-CC28-4CAB-BCDB-DC752F5C67AD}.Debug|Any CPU.Build.0 = Debug|Any CPU
		{8434CCC9-CC28-4CAB-BCDB-DC752F5C67AD}.Release|Any CPU.ActiveCfg = Release|Any CPU
		{8434CCC9-CC28-4CAB-BCDB-DC752F5C67AD}.Release|Any CPU.Build.0 = Release|Any CPU
	EndGlobalSection
	GlobalSection(SolutionProperties) = preSolution
		HideSolutionNode = FALSE
	EndGlobalSection
	GlobalSection(ExtensibilityGlobals) = postSolution
		SolutionGuid = {893548A9-F04E-44C0-85B2-9705CA8743C8}
	EndGlobalSection
EndGlobal
